
Microsoft Visual Studio Solution File, Format Version 12.00
# Visual Studio Version 16
VisualStudioVersion = 16.0.31205.134
MinimumVisualStudioVersion = 10.0.40219.1
Project("{9A19103F-16F7-4668-BE54-9A1E7A4F7556}") = "Codefire.EventBus", "Codefire.EventBus.csproj", "{9C42BCF0-5990-43CA-8A3F-B347B3706263}"
EndProject
Global
	GlobalSection(SolutionConfigurationPlatforms) = preSolution
		Debug|Any CPU = Debug|Any CPU
		Release|Any CPU = Release|Any CPU
	EndGlobalSection
	GlobalSection(ProjectConfigurationPlatforms) = postSolution
		{9C42BCF0-5990-43CA-8A3F-B347B3706263}.Debug|Any CPU.ActiveCfg = Debug|Any CPU
		{9C42BCF0-5990-43CA-8A3F-B347B3706263}.Debug|Any CPU.Build.0 = Debug|Any CPU
		{9C42BCF0-5990-43CA-8A3F-B347B3706263}.Release|Any CPU.ActiveCfg = Release|Any CPU
		{9C42BCF0-5990-43CA-8A3F-B347B3706263}.Release|Any CPU.Build.0 = Release|Any CPU
	EndGlobalSection
	GlobalSection(SolutionProperties) = preSolution
		HideSolutionNode = FALSE
	EndGlobalSection
	GlobalSection(ExtensibilityGlobals) = postSolution
		SolutionGuid = {65085436-F5AE-44B9-9B79-D2892D5F4C89}
	EndGlobalSection
EndGlobal
